
Microsoft Visual Studio Solution File, Format Version 12.00
# Visual Studio Version 17
VisualStudioVersion = 17.0.31903.59
MinimumVisualStudioVersion = 10.0.40219.1
Project("{2150E333-8FDC-42A3-9474-1A3956D46DE8}") = "src", "src", "{310F86C7-F563-4F43-8899-2BD89707952E}"
EndProject
Project("{F2A71F9B-5D33-465A-A702-920D77279786}") = "Fable.FakerJS", "src\Fable.FakerJS\Fable.FakerJS.fsproj", "{609C9FD6-14F6-45C9-AC9A-5A2426CFFEA7}"
EndProject
Project("{F2A71F9B-5D33-465A-A702-920D77279786}") = "App", "src\App\App.fsproj", "{7430C091-0D1A-4082-A14E-F0C67C34B391}"
EndProject
Global
	GlobalSection(SolutionConfigurationPlatforms) = preSolution
		Debug|Any CPU = Debug|Any CPU
		Release|Any CPU = Release|Any CPU
	EndGlobalSection
	GlobalSection(SolutionProperties) = preSolution
		HideSolutionNode = FALSE
	EndGlobalSection
	GlobalSection(ProjectConfigurationPlatforms) = postSolution
		{609C9FD6-14F6-45C9-AC9A-5A2426CFFEA7}.Debug|Any CPU.ActiveCfg = Debug|Any CPU
		{609C9FD6-14F6-45C9-AC9A-5A2426CFFEA7}.Debug|Any CPU.Build.0 = Debug|Any CPU
		{609C9FD6-14F6-45C9-AC9A-5A2426CFFEA7}.Release|Any CPU.ActiveCfg = Release|Any CPU
		{609C9FD6-14F6-45C9-AC9A-5A2426CFFEA7}.Release|Any CPU.Build.0 = Release|Any CPU
		{7430C091-0D1A-4082-A14E-F0C67C34B391}.Debug|Any CPU.ActiveCfg = Debug|Any CPU
		{7430C091-0D1A-4082-A14E-F0C67C34B391}.Debug|Any CPU.Build.0 = Debug|Any CPU
		{7430C091-0D1A-4082-A14E-F0C67C34B391}.Release|Any CPU.ActiveCfg = Release|Any CPU
		{7430C091-0D1A-4082-A14E-F0C67C34B391}.Release|Any CPU.Build.0 = Release|Any CPU
	EndGlobalSection
	GlobalSection(NestedProjects) = preSolution
		{609C9FD6-14F6-45C9-AC9A-5A2426CFFEA7} = {310F86C7-F563-4F43-8899-2BD89707952E}
		{7430C091-0D1A-4082-A14E-F0C67C34B391} = {310F86C7-F563-4F43-8899-2BD89707952E}
	EndGlobalSection
EndGlobal
